
Microsoft Visual Studio Solution File, Format Version 12.00
# Visual Studio Version 16
VisualStudioVersion = 16.0.30114.105
MinimumVisualStudioVersion = 10.0.40219.1
Project("{9A19103F-16F7-4668-BE54-9A1E7A4F7556}") = "Shop-OOP", "Shop-OOP\Shop-OOP.csproj", "{4A559649-EFFE-4A80-8708-CBA3BBC7242B}"
EndProject
Project("{FAE04EC0-301F-11D3-BF4B-00C04F79EFBC}") = "Shop-OOP.Tests", "Shop-OOP.Tests\Shop-OOP.Tests.csproj", "{6379C708-7116-47A6-907A-587ACAA0FFB6}"
EndProject
Global
	GlobalSection(SolutionConfigurationPlatforms) = preSolution
		Debug|Any CPU = Debug|Any CPU
		Release|Any CPU = Release|Any CPU
	EndGlobalSection
	GlobalSection(ProjectConfigurationPlatforms) = postSolution
		{4A559649-EFFE-4A80-8708-CBA3BBC7242B}.Debug|Any CPU.ActiveCfg = Debug|Any CPU
		{4A559649-EFFE-4A80-8708-CBA3BBC7242B}.Debug|Any CPU.Build.0 = Debug|Any CPU
		{4A559649-EFFE-4A80-8708-CBA3BBC7242B}.Release|Any CPU.ActiveCfg = Release|Any CPU
		{4A559649-EFFE-4A80-8708-CBA3BBC7242B}.Release|Any CPU.Build.0 = Release|Any CPU
		{6379C708-7116-47A6-907A-587ACAA0FFB6}.Debug|Any CPU.ActiveCfg = Debug|Any CPU
		{6379C708-7116-47A6-907A-587ACAA0FFB6}.Debug|Any CPU.Build.0 = Debug|Any CPU
		{6379C708-7116-47A6-907A-587ACAA0FFB6}.Release|Any CPU.ActiveCfg = Release|Any CPU
		{6379C708-7116-47A6-907A-587ACAA0FFB6}.Release|Any CPU.Build.0 = Release|Any CPU
	EndGlobalSection
	GlobalSection(SolutionProperties) = preSolution
		HideSolutionNode = FALSE
	EndGlobalSection
	GlobalSection(ExtensibilityGlobals) = postSolution
		SolutionGuid = {D0B4E106-2ED3-4DF3-8C83-48FAC867E806}
	EndGlobalSection
EndGlobal
